
Microsoft Visual Studio Solution File, Format Version 12.00
# Visual Studio Version 16
VisualStudioVersion = 16.0.30804.86
MinimumVisualStudioVersion = 10.0.40219.1
Project("{FAE04EC0-301F-11D3-BF4B-00C04F79EFBC}") = "YTM", "YTM\YTM.csproj", "{523630BF-336F-4B95-8565-A09D3EBCFA1C}"
EndProject
Project("{54435603-DBB4-11D2-8724-00A0C9A8B90C}") = "YtmGelirGider", "YtmGelirGider\YtmGelirGider.vdproj", "{3E0E26E7-9D00-4A92-91F4-5274C44F1E33}"
EndProject
Global
	GlobalSection(SolutionConfigurationPlatforms) = preSolution
		Debug|Any CPU = Debug|Any CPU
		Release|Any CPU = Release|Any CPU
	EndGlobalSection
	GlobalSection(ProjectConfigurationPlatforms) = postSolution
		{523630BF-336F-4B95-8565-A09D3EBCFA1C}.Debug|Any CPU.ActiveCfg = Debug|Any CPU
		{523630BF-336F-4B95-8565-A09D3EBCFA1C}.Debug|Any CPU.Build.0 = Debug|Any CPU
		{523630BF-336F-4B95-8565-A09D3EBCFA1C}.Release|Any CPU.ActiveCfg = Release|Any CPU
		{523630BF-336F-4B95-8565-A09D3EBCFA1C}.Release|Any CPU.Build.0 = Release|Any CPU
		{3E0E26E7-9D00-4A92-91F4-5274C44F1E33}.Debug|Any CPU.ActiveCfg = Debug
		{3E0E26E7-9D00-4A92-91F4-5274C44F1E33}.Release|Any CPU.ActiveCfg = Release
	EndGlobalSection
	GlobalSection(SolutionProperties) = preSolution
		HideSolutionNode = FALSE
	EndGlobalSection
	GlobalSection(ExtensibilityGlobals) = postSolution
		SolutionGuid = {B57D267B-48B1-47D7-9E05-9B5A3F45C533}
	EndGlobalSection
EndGlobal
